{
    "name": "firmware-action",
    "version": "0.0.1",
    "lockfileVersion": 2,
    "requires": true,
    "packages": {
        "": {
            "name": "firmware-action",
            "version": "0.0.1",
            "license": "MIT",
            "devDependencies": {
                "rome": "^11.0.0"
            }
        },
        "node_modules/@rometools/cli-darwin-arm64": {
            "version": "11.0.0",
            "resolved": "https://registry.npmjs.org/@rometools/cli-darwin-arm64/-/cli-darwin-arm64-11.0.0.tgz",
            "integrity": "sha512-F3vkdY+s3FLIEnAjSbyHTuIPB88cLpccimW4ecid5I7S6GzGG3iUJI4xT00JhH73K4P/qW20/9r+kH1T9Du8Xg==",
            "cpu": [
                "arm64"
            ],
            "dev": true,
            "optional": true,
            "os": [
                "darwin"
            ]
        },
        "node_modules/@rometools/cli-darwin-x64": {
            "version": "11.0.0",
            "resolved": "https://registry.npmjs.org/@rometools/cli-darwin-x64/-/cli-darwin-x64-11.0.0.tgz",
            "integrity": "sha512-X6jhtS6Iml4GOzgNtnLwIp/KXXhSdqeVyfv69m/AHnIzx3gQAjPZ7BPnJLvTCbhe4SKHL+uTZYFSCJpkUUKE6w==",
            "cpu": [
                "x64"
            ],
            "dev": true,
            "optional": true,
            "os": [
                "darwin"
            ]
        },
        "node_modules/@rometools/cli-linux-arm64": {
            "version": "11.0.0",
            "resolved": "https://registry.npmjs.org/@rometools/cli-linux-arm64/-/cli-linux-arm64-11.0.0.tgz",
            "integrity": "sha512-dktTJJlTpmycBZ2TwhJBcAO8ztK8DdevdyZnFFxdYRvtmJgTjIsC2UFayf/SbKew8B8q1IhI0it+D6ihAeIpeg==",
            "cpu": [
                "arm64"
            ],
            "dev": true,
            "optional": true,
            "os": [
                "linux"
            ]
        },
        "node_modules/@rometools/cli-linux-x64": {
            "version": "11.0.0",
            "resolved": "https://registry.npmjs.org/@rometools/cli-linux-x64/-/cli-linux-x64-11.0.0.tgz",
            "integrity": "sha512-WVcnXPNdWGUWo0p4NU8YzuthjYR7q+b4vRcjdxtP1DlpphZmSsoC/RSE85nEqRAz8hChcKUansVzOPM8BSsuGA==",
            "cpu": [
                "x64"
            ],
            "dev": true,
            "optional": true,
            "os": [
                "linux"
            ]
        },
        "node_modules/@rometools/cli-win32-arm64": {
            "version": "11.0.0",
            "resolved": "https://registry.npmjs.org/@rometools/cli-win32-arm64/-/cli-win32-arm64-11.0.0.tgz",
            "integrity": "sha512-tPj6RThQzS7Q45jqQll7NlTYvNcsg/BEP3LYiiazqSh9FAFnMkrV6ewUcMPKWyAfiyLs7jlz4rRvdNRUSygzfQ==",
            "cpu": [
                "arm64"
            ],
            "dev": true,
            "optional": true,
            "os": [
                "win32"
            ]
        },
        "node_modules/@rometools/cli-win32-x64": {
            "version": "11.0.0",
            "resolved": "https://registry.npmjs.org/@rometools/cli-win32-x64/-/cli-win32-x64-11.0.0.tgz",
            "integrity": "sha512-bmBai8WHxYjsGk1+je7ZTfCUCWq30WJI3pQM8pzTA674lfGTZ9ymJoZwTaIMSO4rL5V9mlO6uLunsBKso9VqOg==",
            "cpu": [
                "x64"
            ],
            "dev": true,
            "optional": true,
            "os": [
                "win32"
            ]
        },
        "node_modules/rome": {
            "version": "11.0.0",
            "resolved": "https://registry.npmjs.org/rome/-/rome-11.0.0.tgz",
            "integrity": "sha512-rRo6JOwpMLc3OkeTDRXkrmrDqnxDvZ75GS4f0jLDBNmRgDXWbu0F8eVnJoRn+VbK2AE7vWvhVOMBjnWowcopkQ==",
            "dev": true,
            "hasInstallScript": true,
            "bin": {
                "rome": "bin/rome"
            },
            "engines": {
                "node": ">=14.*"
            },
            "optionalDependencies": {
                "@rometools/cli-darwin-arm64": "11.0.0",
                "@rometools/cli-darwin-x64": "11.0.0",
                "@rometools/cli-linux-arm64": "11.0.0",
                "@rometools/cli-linux-x64": "11.0.0",
                "@rometools/cli-win32-arm64": "11.0.0",
                "@rometools/cli-win32-x64": "11.0.0"
            }
        }
    },
    "dependencies": {
        "@rometools/cli-darwin-arm64": {
            "version": "11.0.0",
            "resolved": "https://registry.npmjs.org/@rometools/cli-darwin-arm64/-/cli-darwin-arm64-11.0.0.tgz",
            "integrity": "sha512-F3vkdY+s3FLIEnAjSbyHTuIPB88cLpccimW4ecid5I7S6GzGG3iUJI4xT00JhH73K4P/qW20/9r+kH1T9Du8Xg==",
            "dev": true,
            "optional": true
        },
        "@rometools/cli-darwin-x64": {
            "version": "11.0.0",
            "resolved": "https://registry.npmjs.org/@rometools/cli-darwin-x64/-/cli-darwin-x64-11.0.0.tgz",
            "integrity": "sha512-X6jhtS6Iml4GOzgNtnLwIp/KXXhSdqeVyfv69m/AHnIzx3gQAjPZ7BPnJLvTCbhe4SKHL+uTZYFSCJpkUUKE6w==",
            "dev": true,
            "optional": true
        },
        "@rometools/cli-linux-arm64": {
            "version": "11.0.0",
            "resolved": "https://registry.npmjs.org/@rometools/cli-linux-arm64/-/cli-linux-arm64-11.0.0.tgz",
            "integrity": "sha512-dktTJJlTpmycBZ2TwhJBcAO8ztK8DdevdyZnFFxdYRvtmJgTjIsC2UFayf/SbKew8B8q1IhI0it+D6ihAeIpeg==",
            "dev": true,
            "optional": true
        },
        "@rometools/cli-linux-x64": {
            "version": "11.0.0",
            "resolved": "https://registry.npmjs.org/@rometools/cli-linux-x64/-/cli-linux-x64-11.0.0.tgz",
            "integrity": "sha512-WVcnXPNdWGUWo0p4NU8YzuthjYR7q+b4vRcjdxtP1DlpphZmSsoC/RSE85nEqRAz8hChcKUansVzOPM8BSsuGA==",
            "dev": true,
            "optional": true
        },
        "@rometools/cli-win32-arm64": {
            "version": "11.0.0",
            "resolved": "https://registry.npmjs.org/@rometools/cli-win32-arm64/-/cli-win32-arm64-11.0.0.tgz",
            "integrity": "sha512-tPj6RThQzS7Q45jqQll7NlTYvNcsg/BEP3LYiiazqSh9FAFnMkrV6ewUcMPKWyAfiyLs7jlz4rRvdNRUSygzfQ==",
            "dev": true,
            "optional": true
        },
        "@rometools/cli-win32-x64": {
            "version": "11.0.0",
            "resolved": "https://registry.npmjs.org/@rometools/cli-win32-x64/-/cli-win32-x64-11.0.0.tgz",
            "integrity": "sha512-bmBai8WHxYjsGk1+je7ZTfCUCWq30WJI3pQM8pzTA674lfGTZ9ymJoZwTaIMSO4rL5V9mlO6uLunsBKso9VqOg==",
            "dev": true,
            "optional": true
        },
        "rome": {
            "version": "11.0.0",
            "resolved": "https://registry.npmjs.org/rome/-/rome-11.0.0.tgz",
            "integrity": "sha512-rRo6JOwpMLc3OkeTDRXkrmrDqnxDvZ75GS4f0jLDBNmRgDXWbu0F8eVnJoRn+VbK2AE7vWvhVOMBjnWowcopkQ==",
            "dev": true,
            "requires": {
                "@rometools/cli-darwin-arm64": "11.0.0",
                "@rometools/cli-darwin-x64": "11.0.0",
                "@rometools/cli-linux-arm64": "11.0.0",
                "@rometools/cli-linux-x64": "11.0.0",
                "@rometools/cli-win32-arm64": "11.0.0",
                "@rometools/cli-win32-x64": "11.0.0"
            }
        }
    }
}
